
Microsoft Visual Studio Solution File, Format Version 12.00
# Visual Studio Version 17
VisualStudioVersion = 17.6.33723.286
MinimumVisualStudioVersion = 10.0.40219.1
Project("{FAE04EC0-301F-11D3-BF4B-00C04F79EFBC}") = "BusinessObject", "BussinessObject\BusinessObject.csproj", "{B42118C2-214C-4078-909C-A51B437525C4}"
EndProject
Project("{FAE04EC0-301F-11D3-BF4B-00C04F79EFBC}") = "DataAccess", "DataAccess\DataAccess.csproj", "{41741482-6551-4359-802E-6B05A39AF50D}"
EndProject
Project("{FAE04EC0-301F-11D3-BF4B-00C04F79EFBC}") = "MWMapi", "MWMapi\MWMapi.csproj", "{10E505EC-93CF-4C80-AD05-CD827BF50E0F}"
EndProject
Project("{FAE04EC0-301F-11D3-BF4B-00C04F79EFBC}") = "Repository", "Repository\Repository.csproj", "{180DC16C-44AB-4366-9588-FF4DB38D1C7A}"
EndProject
Project("{FAE04EC0-301F-11D3-BF4B-00C04F79EFBC}") = "MWMClient", "MWMClient\MWMClient.csproj", "{4D93945E-86CF-44FC-B837-D1347D931D32}"
EndProject
Global
	GlobalSection(SolutionConfigurationPlatforms) = preSolution
		Debug|Any CPU = Debug|Any CPU
		Release|Any CPU = Release|Any CPU
	EndGlobalSection
	GlobalSection(ProjectConfigurationPlatforms) = postSolution
		{B42118C2-214C-4078-909C-A51B437525C4}.Debug|Any CPU.ActiveCfg = Debug|Any CPU
		{B42118C2-214C-4078-909C-A51B437525C4}.Debug|Any CPU.Build.0 = Debug|Any CPU
		{B42118C2-214C-4078-909C-A51B437525C4}.Release|Any CPU.ActiveCfg = Release|Any CPU
		{B42118C2-214C-4078-909C-A51B437525C4}.Release|Any CPU.Build.0 = Release|Any CPU
		{41741482-6551-4359-802E-6B05A39AF50D}.Debug|Any CPU.ActiveCfg = Debug|Any CPU
		{41741482-6551-4359-802E-6B05A39AF50D}.Debug|Any CPU.Build.0 = Debug|Any CPU
		{41741482-6551-4359-802E-6B05A39AF50D}.Release|Any CPU.ActiveCfg = Release|Any CPU
		{41741482-6551-4359-802E-6B05A39AF50D}.Release|Any CPU.Build.0 = Release|Any CPU
		{10E505EC-93CF-4C80-AD05-CD827BF50E0F}.Debug|Any CPU.ActiveCfg = Debug|Any CPU
		{10E505EC-93CF-4C80-AD05-CD827BF50E0F}.Debug|Any CPU.Build.0 = Debug|Any CPU
		{10E505EC-93CF-4C80-AD05-CD827BF50E0F}.Release|Any CPU.ActiveCfg = Release|Any CPU
		{10E505EC-93CF-4C80-AD05-CD827BF50E0F}.Release|Any CPU.Build.0 = Release|Any CPU
		{180DC16C-44AB-4366-9588-FF4DB38D1C7A}.Debug|Any CPU.ActiveCfg = Debug|Any CPU
		{180DC16C-44AB-4366-9588-FF4DB38D1C7A}.Debug|Any CPU.Build.0 = Debug|Any CPU
		{180DC16C-44AB-4366-9588-FF4DB38D1C7A}.Release|Any CPU.ActiveCfg = Release|Any CPU
		{180DC16C-44AB-4366-9588-FF4DB38D1C7A}.Release|Any CPU.Build.0 = Release|Any CPU
		{4D93945E-86CF-44FC-B837-D1347D931D32}.Debug|Any CPU.ActiveCfg = Debug|Any CPU
		{4D93945E-86CF-44FC-B837-D1347D931D32}.Debug|Any CPU.Build.0 = Debug|Any CPU
		{4D93945E-86CF-44FC-B837-D1347D931D32}.Release|Any CPU.ActiveCfg = Release|Any CPU
		{4D93945E-86CF-44FC-B837-D1347D931D32}.Release|Any CPU.Build.0 = Release|Any CPU
	EndGlobalSection
	GlobalSection(SolutionProperties) = preSolution
		HideSolutionNode = FALSE
	EndGlobalSection
	GlobalSection(ExtensibilityGlobals) = postSolution
		SolutionGuid = {841A0AF7-0EDB-4C86-B6F7-6DA6FF87979D}
	EndGlobalSection
EndGlobal
